// !$*UTF8*$!
{
	archiveVersion = 1;
	classes = {
	};
	objectVersion = 55;
	objects = {

/* Begin PBXBuildFile section */
		84A16CC62898237C00637C7E /* ProjectOverView.swift in Sources */ = {isa = PBXBuildFile; fileRef = 84A16CC52898237C00637C7E /* ProjectOverView.swift */; };
		84A16CCA2898256F00637C7E /* ProjectItemView.swift in Sources */ = {isa = PBXBuildFile; fileRef = 84A16CC92898256F00637C7E /* ProjectItemView.swift */; };
		8C4EB72E2897033A0000BF00 /* InfoTextView.swift in Sources */ = {isa = PBXBuildFile; fileRef = 8C4EB72D2897033A0000BF00 /* InfoTextView.swift */; };
		8C4EB73028984FD30000BF00 /* CalendarView.swift in Sources */ = {isa = PBXBuildFile; fileRef = 8C4EB72F28984FD20000BF00 /* CalendarView.swift */; };
		8C4EB7322898505E0000BF00 /* DatePickerView.swift in Sources */ = {isa = PBXBuildFile; fileRef = 8C4EB7312898505D0000BF00 /* DatePickerView.swift */; };
		8C4EB734289856E30000BF00 /* DateValue.swift in Sources */ = {isa = PBXBuildFile; fileRef = 8C4EB733289856E30000BF00 /* DateValue.swift */; };
		8C542975288487DA008EB10A /* DueApp.swift in Sources */ = {isa = PBXBuildFile; fileRef = 8C542974288487DA008EB10A /* DueApp.swift */; };
		8C542977288487DA008EB10A /* DueDetailView.swift in Sources */ = {isa = PBXBuildFile; fileRef = 8C542976288487DA008EB10A /* DueDetailView.swift */; };
		8C542979288487DC008EB10A /* Assets.xcassets in Resources */ = {isa = PBXBuildFile; fileRef = 8C542978288487DC008EB10A /* Assets.xcassets */; };
		8C54297C288487DC008EB10A /* Preview Assets.xcassets in Resources */ = {isa = PBXBuildFile; fileRef = 8C54297B288487DC008EB10A /* Preview Assets.xcassets */; };
		8C542986288487DC008EB10A /* DueTests.swift in Sources */ = {isa = PBXBuildFile; fileRef = 8C542985288487DC008EB10A /* DueTests.swift */; };
		8C542990288487DC008EB10A /* DueUITests.swift in Sources */ = {isa = PBXBuildFile; fileRef = 8C54298F288487DC008EB10A /* DueUITests.swift */; };
		8C542992288487DC008EB10A /* DueUITestsLaunchTests.swift in Sources */ = {isa = PBXBuildFile; fileRef = 8C542991288487DC008EB10A /* DueUITestsLaunchTests.swift */; };
		8C54299F288499D2008EB10A /* SliderCalendarView.swift in Sources */ = {isa = PBXBuildFile; fileRef = 8C54299E288499D2008EB10A /* SliderCalendarView.swift */; };
		8C5429A22884A0A4008EB10A /* Theme.swift in Sources */ = {isa = PBXBuildFile; fileRef = 8C5429A12884A0A4008EB10A /* Theme.swift */; };
		8C5429A42884A324008EB10A /* DueModel.swift in Sources */ = {isa = PBXBuildFile; fileRef = 8C5429A32884A324008EB10A /* DueModel.swift */; };
		8C5429A6288707EF008EB10A /* GaugeProgress.swift in Sources */ = {isa = PBXBuildFile; fileRef = 8C5429A5288707EF008EB10A /* GaugeProgress.swift */; };
		8C5429A82888309A008EB10A /* ProjectDetailView.swift in Sources */ = {isa = PBXBuildFile; fileRef = 8C5429A72888309A008EB10A /* ProjectDetailView.swift */; };
		8C5429AA288C8E39008EB10A /* TaskOverView.swift in Sources */ = {isa = PBXBuildFile; fileRef = 8C5429A9288C8E38008EB10A /* TaskOverView.swift */; };
		8C5429AC288D9C51008EB10A /* SliderTaskView.swift in Sources */ = {isa = PBXBuildFile; fileRef = 8C5429AB288D9C51008EB10A /* SliderTaskView.swift */; };
		8C5429AE288D9FA4008EB10A /* ControlBarView.swift in Sources */ = {isa = PBXBuildFile; fileRef = 8C5429AD288D9FA4008EB10A /* ControlBarView.swift */; };
/* End PBXBuildFile section */

/* Begin PBXContainerItemProxy section */
		8C542982288487DC008EB10A /* PBXContainerItemProxy */ = {
			isa = PBXContainerItemProxy;
			containerPortal = 8C542969288487DA008EB10A /* Project object */;
			proxyType = 1;
			remoteGlobalIDString = 8C542970288487DA008EB10A;
			remoteInfo = Due;
		};
		8C54298C288487DC008EB10A /* PBXContainerItemProxy */ = {
			isa = PBXContainerItemProxy;
			containerPortal = 8C542969288487DA008EB10A /* Project object */;
			proxyType = 1;
			remoteGlobalIDString = 8C542970288487DA008EB10A;
			remoteInfo = Due;
		};
/* End PBXContainerItemProxy section */

/* Begin PBXFileReference section */
		84A16CC52898237C00637C7E /* ProjectOverView.swift */ = {isa = PBXFileReference; lastKnownFileType = sourcecode.swift; path = ProjectOverView.swift; sourceTree = "<group>"; };
		84A16CC92898256F00637C7E /* ProjectItemView.swift */ = {isa = PBXFileReference; lastKnownFileType = sourcecode.swift; path = ProjectItemView.swift; sourceTree = "<group>"; };
		8C4EB72D2897033A0000BF00 /* InfoTextView.swift */ = {isa = PBXFileReference; lastKnownFileType = sourcecode.swift; path = InfoTextView.swift; sourceTree = "<group>"; };
		8C4EB72F28984FD20000BF00 /* CalendarView.swift */ = {isa = PBXFileReference; lastKnownFileType = sourcecode.swift; name = CalendarView.swift; path = Due/CalendarView.swift; sourceTree = SOURCE_ROOT; };
		8C4EB7312898505D0000BF00 /* DatePickerView.swift */ = {isa = PBXFileReference; lastKnownFileType = sourcecode.swift; path = DatePickerView.swift; sourceTree = "<group>"; };
		8C4EB733289856E30000BF00 /* DateValue.swift */ = {isa = PBXFileReference; lastKnownFileType = sourcecode.swift; path = DateValue.swift; sourceTree = "<group>"; };
		8C542971288487DA008EB10A /* Due.app */ = {isa = PBXFileReference; explicitFileType = wrapper.application; includeInIndex = 0; path = Due.app; sourceTree = BUILT_PRODUCTS_DIR; };
		8C542974288487DA008EB10A /* DueApp.swift */ = {isa = PBXFileReference; lastKnownFileType = sourcecode.swift; path = DueApp.swift; sourceTree = "<group>"; };
		8C542976288487DA008EB10A /* DueDetailView.swift */ = {isa = PBXFileReference; lastKnownFileType = sourcecode.swift; path = DueDetailView.swift; sourceTree = "<group>"; };
		8C542978288487DC008EB10A /* Assets.xcassets */ = {isa = PBXFileReference; lastKnownFileType = folder.assetcatalog; path = Assets.xcassets; sourceTree = "<group>"; };
		8C54297B288487DC008EB10A /* Preview Assets.xcassets */ = {isa = PBXFileReference; lastKnownFileType = folder.assetcatalog; path = "Preview Assets.xcassets"; sourceTree = "<group>"; };
		8C542981288487DC008EB10A /* DueTests.xctest */ = {isa = PBXFileReference; explicitFileType = wrapper.cfbundle; includeInIndex = 0; path = DueTests.xctest; sourceTree = BUILT_PRODUCTS_DIR; };
		8C542985288487DC008EB10A /* DueTests.swift */ = {isa = PBXFileReference; lastKnownFileType = sourcecode.swift; path = DueTests.swift; sourceTree = "<group>"; };
		8C54298B288487DC008EB10A /* DueUITests.xctest */ = {isa = PBXFileReference; explicitFileType = wrapper.cfbundle; includeInIndex = 0; path = DueUITests.xctest; sourceTree = BUILT_PRODUCTS_DIR; };
		8C54298F288487DC008EB10A /* DueUITests.swift */ = {isa = PBXFileReference; lastKnownFileType = sourcecode.swift; path = DueUITests.swift; sourceTree = "<group>"; };
		8C542991288487DC008EB10A /* DueUITestsLaunchTests.swift */ = {isa = PBXFileReference; lastKnownFileType = sourcecode.swift; path = DueUITestsLaunchTests.swift; sourceTree = "<group>"; };
		8C54299E288499D2008EB10A /* SliderCalendarView.swift */ = {isa = PBXFileReference; lastKnownFileType = sourcecode.swift; path = SliderCalendarView.swift; sourceTree = "<group>"; };
		8C5429A12884A0A4008EB10A /* Theme.swift */ = {isa = PBXFileReference; lastKnownFileType = sourcecode.swift; path = Theme.swift; sourceTree = "<group>"; };
		8C5429A32884A324008EB10A /* DueModel.swift */ = {isa = PBXFileReference; lastKnownFileType = sourcecode.swift; path = DueModel.swift; sourceTree = "<group>"; };
		8C5429A5288707EF008EB10A /* GaugeProgress.swift */ = {isa = PBXFileReference; lastKnownFileType = sourcecode.swift; path = GaugeProgress.swift; sourceTree = "<group>"; };
		8C5429A72888309A008EB10A /* ProjectDetailView.swift */ = {isa = PBXFileReference; lastKnownFileType = sourcecode.swift; path = ProjectDetailView.swift; sourceTree = "<group>"; };
		8C5429A9288C8E38008EB10A /* TaskOverView.swift */ = {isa = PBXFileReference; lastKnownFileType = sourcecode.swift; path = TaskOverView.swift; sourceTree = "<group>"; };
		8C5429AB288D9C51008EB10A /* SliderTaskView.swift */ = {isa = PBXFileReference; lastKnownFileType = sourcecode.swift; path = SliderTaskView.swift; sourceTree = "<group>"; };
		8C5429AD288D9FA4008EB10A /* ControlBarView.swift */ = {isa = PBXFileReference; lastKnownFileType = sourcecode.swift; path = ControlBarView.swift; sourceTree = "<group>"; };
/* End PBXFileReference section */

/* Begin PBXFrameworksBuildPhase section */
		8C54296E288487DA008EB10A /* Frameworks */ = {
			isa = PBXFrameworksBuildPhase;
			buildActionMask = 2147483647;
			files = (
			);
			runOnlyForDeploymentPostprocessing = 0;
		};
		8C54297E288487DC008EB10A /* Frameworks */ = {
			isa = PBXFrameworksBuildPhase;
			buildActionMask = 2147483647;
			files = (
			);
			runOnlyForDeploymentPostprocessing = 0;
		};
		8C542988288487DC008EB10A /* Frameworks */ = {
			isa = PBXFrameworksBuildPhase;
			buildActionMask = 2147483647;
			files = (
			);
			runOnlyForDeploymentPostprocessing = 0;
		};
/* End PBXFrameworksBuildPhase section */

/* Begin PBXGroup section */
		84A16CC72898238800637C7E /* Templates */ = {
			isa = PBXGroup;
			children = (
				8C4EB72F28984FD20000BF00 /* CalendarView.swift */,
			);
			path = Templates;
			sourceTree = "<group>";
		};
		84A16CC82898239500637C7E /* Partials */ = {
			isa = PBXGroup;
			children = (
				84A16CC92898256F00637C7E /* ProjectItemView.swift */,
				8C4EB7312898505D0000BF00 /* DatePickerView.swift */,
			);
			path = Partials;
			sourceTree = "<group>";
		};
		8C542968288487DA008EB10A = {
			isa = PBXGroup;
			children = (
				8C542973288487DA008EB10A /* Due */,
				8C542984288487DC008EB10A /* DueTests */,
				8C54298E288487DC008EB10A /* DueUITests */,
				8C542972288487DA008EB10A /* Products */,
			);
			sourceTree = "<group>";
		};
		8C542972288487DA008EB10A /* Products */ = {
			isa = PBXGroup;
			children = (
				8C542971288487DA008EB10A /* Due.app */,
				8C542981288487DC008EB10A /* DueTests.xctest */,
				8C54298B288487DC008EB10A /* DueUITests.xctest */,
			);
			name = Products;
			sourceTree = "<group>";
		};
		8C542973288487DA008EB10A /* Due */ = {
			isa = PBXGroup;
			children = (
				8C5429A02884A083008EB10A /* Models */,
				84A16CC72898238800637C7E /* Templates */,
				84A16CC82898239500637C7E /* Partials */,
				8C542974288487DA008EB10A /* DueApp.swift */,
				8C542976288487DA008EB10A /* DueDetailView.swift */,
				8C5429A72888309A008EB10A /* ProjectDetailView.swift */,
				8C5429A9288C8E38008EB10A /* TaskOverView.swift */,
				84A16CC52898237C00637C7E /* ProjectOverView.swift */,
				8C5429AB288D9C51008EB10A /* SliderTaskView.swift */,
				8C5429AD288D9FA4008EB10A /* ControlBarView.swift */,
				8C4EB72D2897033A0000BF00 /* InfoTextView.swift */,
				8C54299E288499D2008EB10A /* SliderCalendarView.swift */,
				8C5429A5288707EF008EB10A /* GaugeProgress.swift */,
				8C542978288487DC008EB10A /* Assets.xcassets */,
				8C54297A288487DC008EB10A /* Preview Content */,
			);
			path = Due;
			sourceTree = "<group>";
		};
		8C54297A288487DC008EB10A /* Preview Content */ = {
			isa = PBXGroup;
			children = (
				8C54297B288487DC008EB10A /* Preview Assets.xcassets */,
			);
			path = "Preview Content";
			sourceTree = "<group>";
		};
		8C542984288487DC008EB10A /* DueTests */ = {
			isa = PBXGroup;
			children = (
				8C542985288487DC008EB10A /* DueTests.swift */,
			);
			path = DueTests;
			sourceTree = "<group>";
		};
		8C54298E288487DC008EB10A /* DueUITests */ = {
			isa = PBXGroup;
			children = (
				8C54298F288487DC008EB10A /* DueUITests.swift */,
				8C542991288487DC008EB10A /* DueUITestsLaunchTests.swift */,
			);
			path = DueUITests;
			sourceTree = "<group>";
		};
		8C5429A02884A083008EB10A /* Models */ = {
			isa = PBXGroup;
			children = (
				8C5429A12884A0A4008EB10A /* Theme.swift */,
				8C5429A32884A324008EB10A /* DueModel.swift */,
				8C4EB733289856E30000BF00 /* DateValue.swift */,
			);
			path = Models;
			sourceTree = "<group>";
		};
/* End PBXGroup section */

/* Begin PBXNativeTarget section */
		8C542970288487DA008EB10A /* Due */ = {
			isa = PBXNativeTarget;
			buildConfigurationList = 8C542995288487DC008EB10A /* Build configuration list for PBXNativeTarget "Due" */;
			buildPhases = (
				8C54296D288487DA008EB10A /* Sources */,
				8C54296E288487DA008EB10A /* Frameworks */,
				8C54296F288487DA008EB10A /* Resources */,
			);
			buildRules = (
			);
			dependencies = (
			);
			name = Due;
			productName = Due;
			productReference = 8C542971288487DA008EB10A /* Due.app */;
			productType = "com.apple.product-type.application";
		};
		8C542980288487DC008EB10A /* DueTests */ = {
			isa = PBXNativeTarget;
			buildConfigurationList = 8C542998288487DC008EB10A /* Build configuration list for PBXNativeTarget "DueTests" */;
			buildPhases = (
				8C54297D288487DC008EB10A /* Sources */,
				8C54297E288487DC008EB10A /* Frameworks */,
				8C54297F288487DC008EB10A /* Resources */,
			);
			buildRules = (
			);
			dependencies = (
				8C542983288487DC008EB10A /* PBXTargetDependency */,
			);
			name = DueTests;
			productName = DueTests;
			productReference = 8C542981288487DC008EB10A /* DueTests.xctest */;
			productType = "com.apple.product-type.bundle.unit-test";
		};
		8C54298A288487DC008EB10A /* DueUITests */ = {
			isa = PBXNativeTarget;
			buildConfigurationList = 8C54299B288487DC008EB10A /* Build configuration list for PBXNativeTarget "DueUITests" */;
			buildPhases = (
				8C542987288487DC008EB10A /* Sources */,
				8C542988288487DC008EB10A /* Frameworks */,
				8C542989288487DC008EB10A /* Resources */,
			);
			buildRules = (
			);
			dependencies = (
				8C54298D288487DC008EB10A /* PBXTargetDependency */,
			);
			name = DueUITests;
			productName = DueUITests;
			productReference = 8C54298B288487DC008EB10A /* DueUITests.xctest */;
			productType = "com.apple.product-type.bundle.ui-testing";
		};
/* End PBXNativeTarget section */

/* Begin PBXProject section */
		8C542969288487DA008EB10A /* Project object */ = {
			isa = PBXProject;
			attributes = {
				BuildIndependentTargetsInParallel = 1;
				LastSwiftUpdateCheck = 1340;
				LastUpgradeCheck = 1340;
				TargetAttributes = {
					8C542970288487DA008EB10A = {
						CreatedOnToolsVersion = 13.4.1;
					};
					8C542980288487DC008EB10A = {
						CreatedOnToolsVersion = 13.4.1;
						TestTargetID = 8C542970288487DA008EB10A;
					};
					8C54298A288487DC008EB10A = {
						CreatedOnToolsVersion = 13.4.1;
						TestTargetID = 8C542970288487DA008EB10A;
					};
				};
			};
			buildConfigurationList = 8C54296C288487DA008EB10A /* Build configuration list for PBXProject "Due" */;
			compatibilityVersion = "Xcode 13.0";
			developmentRegion = en;
			hasScannedForEncodings = 0;
			knownRegions = (
				en,
				Base,
			);
			mainGroup = 8C542968288487DA008EB10A;
			productRefGroup = 8C542972288487DA008EB10A /* Products */;
			projectDirPath = "";
			projectRoot = "";
			targets = (
				8C542970288487DA008EB10A /* Due */,
				8C542980288487DC008EB10A /* DueTests */,
				8C54298A288487DC008EB10A /* DueUITests */,
			);
		};
/* End PBXProject section */

/* Begin PBXResourcesBuildPhase section */
		8C54296F288487DA008EB10A /* Resources */ = {
			isa = PBXResourcesBuildPhase;
			buildActionMask = 2147483647;
			files = (
				8C54297C288487DC008EB10A /* Preview Assets.xcassets in Resources */,
				8C542979288487DC008EB10A /* Assets.xcassets in Resources */,
			);
			runOnlyForDeploymentPostprocessing = 0;
		};
		8C54297F288487DC008EB10A /* Resources */ = {
			isa = PBXResourcesBuildPhase;
			buildActionMask = 2147483647;
			files = (
			);
			runOnlyForDeploymentPostprocessing = 0;
		};
		8C542989288487DC008EB10A /* Resources */ = {
			isa = PBXResourcesBuildPhase;
			buildActionMask = 2147483647;
			files = (
			);
			runOnlyForDeploymentPostprocessing = 0;
		};
/* End PBXResourcesBuildPhase section */

/* Begin PBXSourcesBuildPhase section */
		8C54296D288487DA008EB10A /* Sources */ = {
			isa = PBXSourcesBuildPhase;
			buildActionMask = 2147483647;
			files = (
				8C5429AC288D9C51008EB10A /* SliderTaskView.swift in Sources */,
				8C54299F288499D2008EB10A /* SliderCalendarView.swift in Sources */,
				84A16CC62898237C00637C7E /* ProjectOverView.swift in Sources */,
				8C5429AE288D9FA4008EB10A /* ControlBarView.swift in Sources */,
				8C5429A42884A324008EB10A /* DueModel.swift in Sources */,
				8C4EB734289856E30000BF00 /* DateValue.swift in Sources */,
				8C5429A6288707EF008EB10A /* GaugeProgress.swift in Sources */,
				8C4EB7322898505E0000BF00 /* DatePickerView.swift in Sources */,
				84A16CCA2898256F00637C7E /* ProjectItemView.swift in Sources */,
				8C5429A22884A0A4008EB10A /* Theme.swift in Sources */,
				8C4EB73028984FD30000BF00 /* CalendarView.swift in Sources */,
				8C542977288487DA008EB10A /* DueDetailView.swift in Sources */,
				8C542975288487DA008EB10A /* DueApp.swift in Sources */,
				8C5429A82888309A008EB10A /* ProjectDetailView.swift in Sources */,
				8C5429AA288C8E39008EB10A /* TaskOverView.swift in Sources */,
				8C4EB72E2897033A0000BF00 /* InfoTextView.swift in Sources */,
			);
			runOnlyForDeploymentPostprocessing = 0;
		};
		8C54297D288487DC008EB10A /* Sources */ = {
			isa = PBXSourcesBuildPhase;
			buildActionMask = 2147483647;
			files = (
				8C542986288487DC008EB10A /* DueTests.swift in Sources */,
			);
			runOnlyForDeploymentPostprocessing = 0;
		};
		8C542987288487DC008EB10A /* Sources */ = {
			isa = PBXSourcesBuildPhase;
			buildActionMask = 2147483647;
			files = (
				8C542990288487DC008EB10A /* DueUITests.swift in Sources */,
				8C542992288487DC008EB10A /* DueUITestsLaunchTests.swift in Sources */,
			);
			runOnlyForDeploymentPostprocessing = 0;
		};
/* End PBXSourcesBuildPhase section */

/* Begin PBXTargetDependency section */
		8C542983288487DC008EB10A /* PBXTargetDependency */ = {
			isa = PBXTargetDependency;
			target = 8C542970288487DA008EB10A /* Due */;
			targetProxy = 8C542982288487DC008EB10A /* PBXContainerItemProxy */;
		};
		8C54298D288487DC008EB10A /* PBXTargetDependency */ = {
			isa = PBXTargetDependency;
			target = 8C542970288487DA008EB10A /* Due */;
			targetProxy = 8C54298C288487DC008EB10A /* PBXContainerItemProxy */;
		};
/* End PBXTargetDependency section */

/* Begin XCBuildConfiguration section */
		8C542993288487DC008EB10A /* Debug */ = {
			isa = XCBuildConfiguration;
			buildSettings = {
				ALWAYS_SEARCH_USER_PATHS = NO;
				CLANG_ANALYZER_NONNULL = YES;
				CLANG_ANALYZER_NUMBER_OBJECT_CONVERSION = YES_AGGRESSIVE;
				CLANG_CXX_LANGUAGE_STANDARD = "gnu++17";
				CLANG_ENABLE_MODULES = YES;
				CLANG_ENABLE_OBJC_ARC = YES;
				CLANG_ENABLE_OBJC_WEAK = YES;
				CLANG_WARN_BLOCK_CAPTURE_AUTORELEASING = YES;
				CLANG_WARN_BOOL_CONVERSION = YES;
				CLANG_WARN_COMMA = YES;
				CLANG_WARN_CONSTANT_CONVERSION = YES;
				CLANG_WARN_DEPRECATED_OBJC_IMPLEMENTATIONS = YES;
				CLANG_WARN_DIRECT_OBJC_ISA_USAGE = YES_ERROR;
				CLANG_WARN_DOCUMENTATION_COMMENTS = YES;
				CLANG_WARN_EMPTY_BODY = YES;
				CLANG_WARN_ENUM_CONVERSION = YES;
				CLANG_WARN_INFINITE_RECURSION = YES;
				CLANG_WARN_INT_CONVERSION = YES;
				CLANG_WARN_NON_LITERAL_NULL_CONVERSION = YES;
				CLANG_WARN_OBJC_IMPLICIT_RETAIN_SELF = YES;
				CLANG_WARN_OBJC_LITERAL_CONVERSION = YES;
				CLANG_WARN_OBJC_ROOT_CLASS = YES_ERROR;
				CLANG_WARN_QUOTED_INCLUDE_IN_FRAMEWORK_HEADER = YES;
				CLANG_WARN_RANGE_LOOP_ANALYSIS = YES;
				CLANG_WARN_STRICT_PROTOTYPES = YES;
				CLANG_WARN_SUSPICIOUS_MOVE = YES;
				CLANG_WARN_UNGUARDED_AVAILABILITY = YES_AGGRESSIVE;
				CLANG_WARN_UNREACHABLE_CODE = YES;
				CLANG_WARN__DUPLICATE_METHOD_MATCH = YES;
				COPY_PHASE_STRIP = NO;
				DEBUG_INFORMATION_FORMAT = dwarf;
				ENABLE_STRICT_OBJC_MSGSEND = YES;
				ENABLE_TESTABILITY = YES;
				GCC_C_LANGUAGE_STANDARD = gnu11;
				GCC_DYNAMIC_NO_PIC = NO;
				GCC_NO_COMMON_BLOCKS = YES;
				GCC_OPTIMIZATION_LEVEL = 0;
				GCC_PREPROCESSOR_DEFINITIONS = (
					"DEBUG=1",
					"$(inherited)",
				);
				GCC_WARN_64_TO_32_BIT_CONVERSION = YES;
				GCC_WARN_ABOUT_RETURN_TYPE = YES_ERROR;
				GCC_WARN_UNDECLARED_SELECTOR = YES;
				GCC_WARN_UNINITIALIZED_AUTOS = YES_AGGRESSIVE;
				GCC_WARN_UNUSED_FUNCTION = YES;
				GCC_WARN_UNUSED_VARIABLE = YES;
				IPHONEOS_DEPLOYMENT_TARGET = 15.5;
				MTL_ENABLE_DEBUG_INFO = INCLUDE_SOURCE;
				MTL_FAST_MATH = YES;
				ONLY_ACTIVE_ARCH = YES;
				SDKROOT = iphoneos;
				SWIFT_ACTIVE_COMPILATION_CONDITIONS = DEBUG;
				SWIFT_OPTIMIZATION_LEVEL = "-Onone";
			};
			name = Debug;
		};
		8C542994288487DC008EB10A /* Release */ = {
			isa = XCBuildConfiguration;
			buildSettings = {
				ALWAYS_SEARCH_USER_PATHS = NO;
				CLANG_ANALYZER_NONNULL = YES;
				CLANG_ANALYZER_NUMBER_OBJECT_CONVERSION = YES_AGGRESSIVE;
				CLANG_CXX_LANGUAGE_STANDARD = "gnu++17";
				CLANG_ENABLE_MODULES = YES;
				CLANG_ENABLE_OBJC_ARC = YES;
				CLANG_ENABLE_OBJC_WEAK = YES;
				CLANG_WARN_BLOCK_CAPTURE_AUTORELEASING = YES;
				CLANG_WARN_BOOL_CONVERSION = YES;
				CLANG_WARN_COMMA = YES;
				CLANG_WARN_CONSTANT_CONVERSION = YES;
				CLANG_WARN_DEPRECATED_OBJC_IMPLEMENTATIONS = YES;
				CLANG_WARN_DIRECT_OBJC_ISA_USAGE = YES_ERROR;
				CLANG_WARN_DOCUMENTATION_COMMENTS = YES;
				CLANG_WARN_EMPTY_BODY = YES;
				CLANG_WARN_ENUM_CONVERSION = YES;
				CLANG_WARN_INFINITE_RECURSION = YES;
				CLANG_WARN_INT_CONVERSION = YES;
				CLANG_WARN_NON_LITERAL_NULL_CONVERSION = YES;
				CLANG_WARN_OBJC_IMPLICIT_RETAIN_SELF = YES;
				CLANG_WARN_OBJC_LITERAL_CONVERSION = YES;
				CLANG_WARN_OBJC_ROOT_CLASS = YES_ERROR;
				CLANG_WARN_QUOTED_INCLUDE_IN_FRAMEWORK_HEADER = YES;
				CLANG_WARN_RANGE_LOOP_ANALYSIS = YES;
				CLANG_WARN_STRICT_PROTOTYPES = YES;
				CLANG_WARN_SUSPICIOUS_MOVE = YES;
				CLANG_WARN_UNGUARDED_AVAILABILITY = YES_AGGRESSIVE;
				CLANG_WARN_UNREACHABLE_CODE = YES;
				CLANG_WARN__DUPLICATE_METHOD_MATCH = YES;
				COPY_PHASE_STRIP = NO;
				DEBUG_INFORMATION_FORMAT = "dwarf-with-dsym";
				ENABLE_NS_ASSERTIONS = NO;
				ENABLE_STRICT_OBJC_MSGSEND = YES;
				GCC_C_LANGUAGE_STANDARD = gnu11;
				GCC_NO_COMMON_BLOCKS = YES;
				GCC_WARN_64_TO_32_BIT_CONVERSION = YES;
				GCC_WARN_ABOUT_RETURN_TYPE = YES_ERROR;
				GCC_WARN_UNDECLARED_SELECTOR = YES;
				GCC_WARN_UNINITIALIZED_AUTOS = YES_AGGRESSIVE;
				GCC_WARN_UNUSED_FUNCTION = YES;
				GCC_WARN_UNUSED_VARIABLE = YES;
				IPHONEOS_DEPLOYMENT_TARGET = 15.5;
				MTL_ENABLE_DEBUG_INFO = NO;
				MTL_FAST_MATH = YES;
				SDKROOT = iphoneos;
				SWIFT_COMPILATION_MODE = wholemodule;
				SWIFT_OPTIMIZATION_LEVEL = "-O";
				VALIDATE_PRODUCT = YES;
			};
			name = Release;
		};
		8C542996288487DC008EB10A /* Debug */ = {
			isa = XCBuildConfiguration;
			buildSettings = {
				ASSETCATALOG_COMPILER_APPICON_NAME = AppIcon;
				ASSETCATALOG_COMPILER_GLOBAL_ACCENT_COLOR_NAME = AccentColor;
				CODE_SIGN_STYLE = Automatic;
				CURRENT_PROJECT_VERSION = 1;
				DEVELOPMENT_ASSET_PATHS = "\"Due/Preview Content\"";
				DEVELOPMENT_TEAM = 9ANH3XJHMC;
				ENABLE_PREVIEWS = YES;
				GENERATE_INFOPLIST_FILE = YES;
				INFOPLIST_KEY_UIApplicationSceneManifest_Generation = YES;
				INFOPLIST_KEY_UIApplicationSupportsIndirectInputEvents = YES;
				INFOPLIST_KEY_UILaunchScreen_Generation = YES;
				INFOPLIST_KEY_UISupportedInterfaceOrientations_iPad = "UIInterfaceOrientationPortrait UIInterfaceOrientationPortraitUpsideDown UIInterfaceOrientationLandscapeLeft UIInterfaceOrientationLandscapeRight";
				INFOPLIST_KEY_UISupportedInterfaceOrientations_iPhone = "UIInterfaceOrientationPortrait UIInterfaceOrientationLandscapeLeft UIInterfaceOrientationLandscapeRight";
				LD_RUNPATH_SEARCH_PATHS = (
					"$(inherited)",
					"@executable_path/Frameworks",
				);
				MARKETING_VERSION = 1.0;
				PRODUCT_BUNDLE_IDENTIFIER = TanJoe.Due;
				PRODUCT_NAME = "$(TARGET_NAME)";
				SWIFT_EMIT_LOC_STRINGS = YES;
				SWIFT_VERSION = 5.0;
				TARGETED_DEVICE_FAMILY = "1,2";
			};
			name = Debug;
		};
		8C542997288487DC008EB10A /* Release */ = {
			isa = XCBuildConfiguration;
			buildSettings = {
				ASSETCATALOG_COMPILER_APPICON_NAME = AppIcon;
				ASSETCATALOG_COMPILER_GLOBAL_ACCENT_COLOR_NAME = AccentColor;
				CODE_SIGN_STYLE = Automatic;
				CURRENT_PROJECT_VERSION = 1;
				DEVELOPMENT_ASSET_PATHS = "\"Due/Preview Content\"";
				DEVELOPMENT_TEAM = 9ANH3XJHMC;
				ENABLE_PREVIEWS = YES;
				GENERATE_INFOPLIST_FILE = YES;
				INFOPLIST_KEY_UIApplicationSceneManifest_Generation = YES;
				INFOPLIST_KEY_UIApplicationSupportsIndirectInputEvents = YES;
				INFOPLIST_KEY_UILaunchScreen_Generation = YES;
				INFOPLIST_KEY_UISupportedInterfaceOrientations_iPad = "UIInterfaceOrientationPortrait UIInterfaceOrientationPortraitUpsideDown UIInterfaceOrientationLandscapeLeft UIInterfaceOrientationLandscapeRight";
				INFOPLIST_KEY_UISupportedInterfaceOrientations_iPhone = "UIInterfaceOrientationPortrait UIInterfaceOrientationLandscapeLeft UIInterfaceOrientationLandscapeRight";
				LD_RUNPATH_SEARCH_PATHS = (
					"$(inherited)",
					"@executable_path/Frameworks",
				);
				MARKETING_VERSION = 1.0;
				PRODUCT_BUNDLE_IDENTIFIER = TanJoe.Due;
				PRODUCT_NAME = "$(TARGET_NAME)";
				SWIFT_EMIT_LOC_STRINGS = YES;
				SWIFT_VERSION = 5.0;
				TARGETED_DEVICE_FAMILY = "1,2";
			};
			name = Release;
		};
		8C542999288487DC008EB10A /* Debug */ = {
			isa = XCBuildConfiguration;
			buildSettings = {
				ALWAYS_EMBED_SWIFT_STANDARD_LIBRARIES = YES;
				BUNDLE_LOADER = "$(TEST_HOST)";
				CODE_SIGN_STYLE = Automatic;
				CURRENT_PROJECT_VERSION = 1;
				DEVELOPMENT_TEAM = 9ANH3XJHMC;
				GENERATE_INFOPLIST_FILE = YES;
				IPHONEOS_DEPLOYMENT_TARGET = 15.5;
				MARKETING_VERSION = 1.0;
				PRODUCT_BUNDLE_IDENTIFIER = TanJoe.DueTests;
				PRODUCT_NAME = "$(TARGET_NAME)";
				SWIFT_EMIT_LOC_STRINGS = NO;
				SWIFT_VERSION = 5.0;
				TARGETED_DEVICE_FAMILY = "1,2";
				TEST_HOST = "$(BUILT_PRODUCTS_DIR)/Due.app/Due";
			};
			name = Debug;
		};
		8C54299A288487DC008EB10A /* Release */ = {
			isa = XCBuildConfiguration;
			buildSettings = {
				ALWAYS_EMBED_SWIFT_STANDARD_LIBRARIES = YES;
				BUNDLE_LOADER = "$(TEST_HOST)";
				CODE_SIGN_STYLE = Automatic;
				CURRENT_PROJECT_VERSION = 1;
				DEVELOPMENT_TEAM = 9ANH3XJHMC;
				GENERATE_INFOPLIST_FILE = YES;
				IPHONEOS_DEPLOYMENT_TARGET = 15.5;
				MARKETING_VERSION = 1.0;
				PRODUCT_BUNDLE_IDENTIFIER = TanJoe.DueTests;
				PRODUCT_NAME = "$(TARGET_NAME)";
				SWIFT_EMIT_LOC_STRINGS = NO;
				SWIFT_VERSION = 5.0;
				TARGETED_DEVICE_FAMILY = "1,2";
				TEST_HOST = "$(BUILT_PRODUCTS_DIR)/Due.app/Due";
			};
			name = Release;
		};
		8C54299C288487DC008EB10A /* Debug */ = {
			isa = XCBuildConfiguration;
			buildSettings = {
				ALWAYS_EMBED_SWIFT_STANDARD_LIBRARIES = YES;
				CODE_SIGN_STYLE = Automatic;
				CURRENT_PROJECT_VERSION = 1;
				DEVELOPMENT_TEAM = 9ANH3XJHMC;
				GENERATE_INFOPLIST_FILE = YES;
				MARKETING_VERSION = 1.0;
				PRODUCT_BUNDLE_IDENTIFIER = TanJoe.DueUITests;
				PRODUCT_NAME = "$(TARGET_NAME)";
				SWIFT_EMIT_LOC_STRINGS = NO;
				SWIFT_VERSION = 5.0;
				TARGETED_DEVICE_FAMILY = "1,2";
				TEST_TARGET_NAME = Due;
			};
			name = Debug;
		};
		8C54299D288487DC008EB10A /* Release */ = {
			isa = XCBuildConfiguration;
			buildSettings = {
				ALWAYS_EMBED_SWIFT_STANDARD_LIBRARIES = YES;
				CODE_SIGN_STYLE = Automatic;
				CURRENT_PROJECT_VERSION = 1;
				DEVELOPMENT_TEAM = 9ANH3XJHMC;
				GENERATE_INFOPLIST_FILE = YES;
				MARKETING_VERSION = 1.0;
				PRODUCT_BUNDLE_IDENTIFIER = TanJoe.DueUITests;
				PRODUCT_NAME = "$(TARGET_NAME)";
				SWIFT_EMIT_LOC_STRINGS = NO;
				SWIFT_VERSION = 5.0;
				TARGETED_DEVICE_FAMILY = "1,2";
				TEST_TARGET_NAME = Due;
			};
			name = Release;
		};
/* End XCBuildConfiguration section */

/* Begin XCConfigurationList section */
		8C54296C288487DA008EB10A /* Build configuration list for PBXProject "Due" */ = {
			isa = XCConfigurationList;
			buildConfigurations = (
				8C542993288487DC008EB10A /* Debug */,
				8C542994288487DC008EB10A /* Release */,
			);
			defaultConfigurationIsVisible = 0;
			defaultConfigurationName = Release;
		};
		8C542995288487DC008EB10A /* Build configuration list for PBXNativeTarget "Due" */ = {
			isa = XCConfigurationList;
			buildConfigurations = (
				8C542996288487DC008EB10A /* Debug */,
				8C542997288487DC008EB10A /* Release */,
			);
			defaultConfigurationIsVisible = 0;
			defaultConfigurationName = Release;
		};
		8C542998288487DC008EB10A /* Build configuration list for PBXNativeTarget "DueTests" */ = {
			isa = XCConfigurationList;
			buildConfigurations = (
				8C542999288487DC008EB10A /* Debug */,
				8C54299A288487DC008EB10A /* Release */,
			);
			defaultConfigurationIsVisible = 0;
			defaultConfigurationName = Release;
		};
		8C54299B288487DC008EB10A /* Build configuration list for PBXNativeTarget "DueUITests" */ = {
			isa = XCConfigurationList;
			buildConfigurations = (
				8C54299C288487DC008EB10A /* Debug */,
				8C54299D288487DC008EB10A /* Release */,
			);
			defaultConfigurationIsVisible = 0;
			defaultConfigurationName = Release;
		};
/* End XCConfigurationList section */
	};
	rootObject = 8C542969288487DA008EB10A /* Project object */;
}
